
Microsoft Visual Studio Solution File, Format Version 12.00
# Visual Studio Version 17
VisualStudioVersion = 17.3.32825.248
MinimumVisualStudioVersion = 10.0.40219.1
Project("{8BC9CEB8-8B4A-11D0-8D11-00A0C91BC942}") = "helicopter_helicopter", "helicopter_helicopter\helicopter_helicopter.vcxproj", "{24C52942-2C9E-48C5-B296-647C232F24C3}"
EndProject
Project("{2150E333-8FDC-42A3-9474-1A3956D46DE8}") = "Элементы решения", "Элементы решения", "{B5BB23DD-3CAE-4FF6-BDEB-0B57C1DD94A4}"
	ProjectSection(SolutionItems) = preProject
		helicopter_helicopter\resources\back_1.png = helicopter_helicopter\resources\back_1.png
		helicopter_helicopter\resources\front_1.png = helicopter_helicopter\resources\front_1.png
		helicopter_helicopter\resources\helicopter.png = helicopter_helicopter\resources\helicopter.png
		helicopter_helicopter\resources\mid_1.png = helicopter_helicopter\resources\mid_1.png
		helicopter_helicopter\resources\rocket.png = helicopter_helicopter\resources\rocket.png
	EndProjectSection
EndProject
Global
	GlobalSection(SolutionConfigurationPlatforms) = preSolution
		Debug|x64 = Debug|x64
		Debug|x86 = Debug|x86
		Release|x64 = Release|x64
		Release|x86 = Release|x86
	EndGlobalSection
	GlobalSection(ProjectConfigurationPlatforms) = postSolution
		{24C52942-2C9E-48C5-B296-647C232F24C3}.Debug|x64.ActiveCfg = Debug|x64
		{24C52942-2C9E-48C5-B296-647C232F24C3}.Debug|x64.Build.0 = Debug|x64
		{24C52942-2C9E-48C5-B296-647C232F24C3}.Debug|x86.ActiveCfg = Debug|Win32
		{24C52942-2C9E-48C5-B296-647C232F24C3}.Debug|x86.Build.0 = Debug|Win32
		{24C52942-2C9E-48C5-B296-647C232F24C3}.Release|x64.ActiveCfg = Release|x64
		{24C52942-2C9E-48C5-B296-647C232F24C3}.Release|x64.Build.0 = Release|x64
		{24C52942-2C9E-48C5-B296-647C232F24C3}.Release|x86.ActiveCfg = Release|Win32
		{24C52942-2C9E-48C5-B296-647C232F24C3}.Release|x86.Build.0 = Release|Win32
	EndGlobalSection
	GlobalSection(SolutionProperties) = preSolution
		HideSolutionNode = FALSE
	EndGlobalSection
	GlobalSection(ExtensibilityGlobals) = postSolution
		SolutionGuid = {31C41773-5592-48E9-82F9-CE1779135476}
	EndGlobalSection
EndGlobal
